
Microsoft Visual Studio Solution File, Format Version 12.00
# Visual Studio Version 17
VisualStudioVersion = 17.9.34714.143
MinimumVisualStudioVersion = 10.0.40219.1
Project("{FAE04EC0-301F-11D3-BF4B-00C04F79EFBC}") = "2312686_PhanLeXuanManh_Lab05", "2312686_PhanLeXuanManh_Lab05\2312686_PhanLeXuanManh_Lab05.csproj", "{FB96E69F-5238-4B13-BA1C-55DAA17709D4}"
EndProject
Global
	GlobalSection(SolutionConfigurationPlatforms) = preSolution
		Debug|Any CPU = Debug|Any CPU
		Release|Any CPU = Release|Any CPU
	EndGlobalSection
	GlobalSection(ProjectConfigurationPlatforms) = postSolution
		{FB96E69F-5238-4B13-BA1C-55DAA17709D4}.Debug|Any CPU.ActiveCfg = Debug|Any CPU
		{FB96E69F-5238-4B13-BA1C-55DAA17709D4}.Debug|Any CPU.Build.0 = Debug|Any CPU
		{FB96E69F-5238-4B13-BA1C-55DAA17709D4}.Release|Any CPU.ActiveCfg = Release|Any CPU
		{FB96E69F-5238-4B13-BA1C-55DAA17709D4}.Release|Any CPU.Build.0 = Release|Any CPU
	EndGlobalSection
	GlobalSection(SolutionProperties) = preSolution
		HideSolutionNode = FALSE
	EndGlobalSection
	GlobalSection(ExtensibilityGlobals) = postSolution
		SolutionGuid = {3327C60F-81EB-4542-9C85-2D5AF8107CD8}
	EndGlobalSection
EndGlobal
